<?xml version="1.0" encoding="utf-8"?>
<Project ToolsVersion="4.0" xmlns="http://schemas.microsoft.com/developer/msbuild/2003">
  <ItemGroup>
    <Filter Include="Source Files">
      <UniqueIdentifier>{4FC737F1-C7A5-4376-A066-2A32D752A2FF}</UniqueIdentifier>
      <Extensions>cpp;c;cc;cxx;def;odl;idl;hpj;bat;asm;asmx</Extensions>
    </Filter>
    <Filter Include="Header Files">
      <UniqueIdentifier>{93995380-89BD-4b04-88EB-625FBE52EBFB}</UniqueIdentifier>
      <Extensions>h;hh;hpp;hxx;hm;inl;inc;xsd</Extensions>
    </Filter>
    <Filter Include="Resource Files">
      <UniqueIdentifier>{67DA6AB6-F800-4c08-8B7A-83BB121AAD01}</UniqueIdentifier>
      <Extensions>rc;ico;cur;bmp;dlg;rc2;rct;bin;rgs;gif;jpg;jpeg;jpe;resx;tiff;tif;png;wav;mfcribbon-ms</Extensions>
    </Filter>
  </ItemGroup>
  <ItemGroup>
    <ClCompile Include="main.cpp">
      <Filter>Source Files</Filter>
    </ClCompile>
  </ItemGroup>
  <ItemGroup>
    <Image Include="..\..\chennai.png" />
    <Image Include="..\..\hyderabad.png">
      <Filter>Source Files</Filter>
    </Image>
    <Image Include="..\..\..\..\Downloads\GO to jail.png" />
    <Image Include="..\..\..\..\Downloads\jail.png" />
    <Image Include="..\..\..\..\Downloads\Go.png" />
    <Image Include="..\..\..\..\Downloads\Free parking.png" />
  </ItemGroup>
  <ItemGroup>
    <Font Include="..\..\Champagne &amp; Limousines.ttf" />
    <Font Include="..\..\TrajanPro-Regular.ttf" />
    <Font Include="..\..\futur.ttf" />
    <Font Include="..\..\Chocolate Covered Raindrops.ttf" />
  </ItemGroup>
</Project>